
Microsoft Visual Studio Solution File, Format Version 12.00
# Visual Studio Version 17
VisualStudioVersion = 17.0.31606.5
MinimumVisualStudioVersion = 10.0.40219.1
Project("{9A19103F-16F7-4668-BE54-9A1E7A4F7556}") = "Blazm.Hid.Server", "Demos\Start\Blazm.Hid.Server.csproj", "{AEC56999-53A3-49AA-AF65-EE5A2CA07B61}"
EndProject
Project("{9A19103F-16F7-4668-BE54-9A1E7A4F7556}") = "Blazm.Hid", "Blazm.Hid\Blazm.Hid.csproj", "{A62CBBD3-B202-4E92-A81C-0727099FD92D}"
EndProject
Global
	GlobalSection(SolutionConfigurationPlatforms) = preSolution
		Debug|Any CPU = Debug|Any CPU
		Release|Any CPU = Release|Any CPU
	EndGlobalSection
	GlobalSection(ProjectConfigurationPlatforms) = postSolution
		{AEC56999-53A3-49AA-AF65-EE5A2CA07B61}.Debug|Any CPU.ActiveCfg = Debug|Any CPU
		{AEC56999-53A3-49AA-AF65-EE5A2CA07B61}.Debug|Any CPU.Build.0 = Debug|Any CPU
		{AEC56999-53A3-49AA-AF65-EE5A2CA07B61}.Release|Any CPU.ActiveCfg = Release|Any CPU
		{AEC56999-53A3-49AA-AF65-EE5A2CA07B61}.Release|Any CPU.Build.0 = Release|Any CPU
		{A62CBBD3-B202-4E92-A81C-0727099FD92D}.Debug|Any CPU.ActiveCfg = Debug|Any CPU
		{A62CBBD3-B202-4E92-A81C-0727099FD92D}.Debug|Any CPU.Build.0 = Debug|Any CPU
		{A62CBBD3-B202-4E92-A81C-0727099FD92D}.Release|Any CPU.ActiveCfg = Release|Any CPU
		{A62CBBD3-B202-4E92-A81C-0727099FD92D}.Release|Any CPU.Build.0 = Release|Any CPU
	EndGlobalSection
	GlobalSection(SolutionProperties) = preSolution
		HideSolutionNode = FALSE
	EndGlobalSection
	GlobalSection(ExtensibilityGlobals) = postSolution
		SolutionGuid = {B5A16243-0540-464D-A451-00EF5B16AA04}
	EndGlobalSection
EndGlobal
